PODS:
  - Alamofire (5.1.0)
  - DataCache (1.5)
  - DrawerMenu (1.0.1)
  - OAuthSwift (2.1.0)
  - ScrollableSegmentedControl (1.5.0)
  - SwiftyJSON (5.0.0)

DEPENDENCIES:
  - Alamofire
  - DataCache
  - DrawerMenu
  - OAuthSwift
  - ScrollableSegmentedControl
  - SwiftyJSON

SPEC REPOS:
  https://github.com/CocoaPods/Specs.git:
    - Alamofire
    - DataCache
    - DrawerMenu
    - OAuthSwift
    - ScrollableSegmentedControl
    - SwiftyJSON

SPEC CHECKSUMS:
  Alamofire: 9d5c5f602928e512395b30950c5984eca840093c
  DataCache: 8099e01aa35c2fd30f3410aae14ef5a130f6524b
  DrawerMenu: f6ca91901e2b21086e3c19bcca278d3d3127e85f
  OAuthSwift: ab1675598273e04355e0282459c328e65c9ddacd
  ScrollableSegmentedControl: 2e64bbe8968a7fcd8aae5014434481464fcdfe60
  SwiftyJSON: 36413e04c44ee145039d332b4f4e2d3e8d6c4db7

PODFILE CHECKSUM: bfb4787d36ce8128c71d61d6473b934e322aae7f

COCOAPODS: 1.9.1
