PODS:
  - Alamofire (5.1.0)
  - DrawerMenu (1.0.1)
  - SwiftyJSON (5.0.0)

DEPENDENCIES:
  - Alamofire
  - DrawerMenu
  - SwiftyJSON

SPEC REPOS:
  https://github.com/cocoapods/specs.git:
    - Alamofire
    - DrawerMenu
    - SwiftyJSON

SPEC CHECKSUMS:
  Alamofire: 9d5c5f602928e512395b30950c5984eca840093c
  DrawerMenu: f6ca91901e2b21086e3c19bcca278d3d3127e85f
  SwiftyJSON: 36413e04c44ee145039d332b4f4e2d3e8d6c4db7

PODFILE CHECKSUM: e022038c7e4e191f971b8315f8e3c4a3ad43097c

COCOAPODS: 1.6.1
