// !$*UTF8*$!
{
	archiveVersion = 1;
	classes = {
	};
	objectVersion = 51;
	objects = {

/* Begin PBXBuildFile section */
		5B3BAECD7195A2AC69E7CD5F /* Pods_HealthProfiler.framework in Frameworks */ = {isa = PBXBuildFile; fileRef = C28ADF2A197AF72F9533BF99 /* Pods_HealthProfiler.framework */; };
		6B05B0962452BD1500C5A971 /* UIColor+Extension.swift in Sources */ = {isa = PBXBuildFile; fileRef = 6B05B0952452BD1500C5A971 /* UIColor+Extension.swift */; };
		6B05B0982452BDFF00C5A971 /* UIFont+Extension.swift in Sources */ = {isa = PBXBuildFile; fileRef = 6B05B0972452BDFF00C5A971 /* UIFont+Extension.swift */; };
		6B05B09A2452C0B000C5A971 /* UIImage+Extensions.swift in Sources */ = {isa = PBXBuildFile; fileRef = 6B05B0992452C0B000C5A971 /* UIImage+Extensions.swift */; };
		6B05B09C2452C17F00C5A971 /* HPTableViewCell.swift in Sources */ = {isa = PBXBuildFile; fileRef = 6B05B09B2452C17F00C5A971 /* HPTableViewCell.swift */; };
		6B05B0A32452C54300C5A971 /* UIViewController+Extension.swift in Sources */ = {isa = PBXBuildFile; fileRef = 6B05B0A22452C54300C5A971 /* UIViewController+Extension.swift */; };
		6B05B0A92452C60B00C5A971 /* HealthProfiler.swift in Sources */ = {isa = PBXBuildFile; fileRef = 6B05B0A82452C60B00C5A971 /* HealthProfiler.swift */; };
		6B05B0B32452C6B200C5A971 /* AppUtility.swift in Sources */ = {isa = PBXBuildFile; fileRef = 6B05B0B22452C6B200C5A971 /* AppUtility.swift */; };
		6B05B0BC2452C7D600C5A971 /* HPViewController.swift in Sources */ = {isa = PBXBuildFile; fileRef = 6B05B0BB2452C7D600C5A971 /* HPViewController.swift */; };
		6B05B0BF2452C7F300C5A971 /* LoginViewController.swift in Sources */ = {isa = PBXBuildFile; fileRef = 6B05B0BD2452C7F300C5A971 /* LoginViewController.swift */; };
		6B05B0C02452C7F300C5A971 /* LoginViewController.xib in Resources */ = {isa = PBXBuildFile; fileRef = 6B05B0BE2452C7F300C5A971 /* LoginViewController.xib */; };
		6B05B0C52452C81900C5A971 /* RegistrationViewController.swift in Sources */ = {isa = PBXBuildFile; fileRef = 6B05B0C32452C81900C5A971 /* RegistrationViewController.swift */; };
		6B05B0C62452C81900C5A971 /* RegistrationViewController.xib in Resources */ = {isa = PBXBuildFile; fileRef = 6B05B0C42452C81900C5A971 /* RegistrationViewController.xib */; };
		6B05B0C92452C83300C5A971 /* HomeViewController.swift in Sources */ = {isa = PBXBuildFile; fileRef = 6B05B0C72452C83300C5A971 /* HomeViewController.swift */; };
		6B05B0CA2452C83300C5A971 /* HomeViewController.xib in Resources */ = {isa = PBXBuildFile; fileRef = 6B05B0C82452C83300C5A971 /* HomeViewController.xib */; };
		6B05B0CD2452C84E00C5A971 /* HealthProfileViewController.swift in Sources */ = {isa = PBXBuildFile; fileRef = 6B05B0CB2452C84E00C5A971 /* HealthProfileViewController.swift */; };
		6B05B0CE2452C84E00C5A971 /* HealthProfileViewController.xib in Resources */ = {isa = PBXBuildFile; fileRef = 6B05B0CC2452C84E00C5A971 /* HealthProfileViewController.xib */; };
		6B05B0D12452C86300C5A971 /* CoverageViewController.swift in Sources */ = {isa = PBXBuildFile; fileRef = 6B05B0CF2452C86300C5A971 /* CoverageViewController.swift */; };
		6B05B0D22452C86300C5A971 /* CoverageViewController.xib in Resources */ = {isa = PBXBuildFile; fileRef = 6B05B0D02452C86300C5A971 /* CoverageViewController.xib */; };
		6B05B0D52452C87700C5A971 /* ManageConnectionsViewController.swift in Sources */ = {isa = PBXBuildFile; fileRef = 6B05B0D32452C87700C5A971 /* ManageConnectionsViewController.swift */; };
		6B05B0D62452C87700C5A971 /* ManageConnectionsViewController.xib in Resources */ = {isa = PBXBuildFile; fileRef = 6B05B0D42452C87700C5A971 /* ManageConnectionsViewController.xib */; };
		6B05B0D82452CEFE00C5A971 /* NSObject+Extension.swift in Sources */ = {isa = PBXBuildFile; fileRef = 6B05B0D72452CEFE00C5A971 /* NSObject+Extension.swift */; };
		6B05B0DB2452D16F00C5A971 /* MenuViewController.swift in Sources */ = {isa = PBXBuildFile; fileRef = 6B05B0D92452D16F00C5A971 /* MenuViewController.swift */; };
		6B05B0DC2452D16F00C5A971 /* MenuViewController.xib in Resources */ = {isa = PBXBuildFile; fileRef = 6B05B0DA2452D16F00C5A971 /* MenuViewController.xib */; };
		6B05B0DE2452D1AA00C5A971 /* HPTableView.swift in Sources */ = {isa = PBXBuildFile; fileRef = 6B05B0DD2452D1AA00C5A971 /* HPTableView.swift */; };
		6B05B0E62452D3E900C5A971 /* AppContainer.swift in Sources */ = {isa = PBXBuildFile; fileRef = 6B05B0E42452D3E900C5A971 /* AppContainer.swift */; };
		6B05B0E72452D3E900C5A971 /* AppContainer.xib in Resources */ = {isa = PBXBuildFile; fileRef = 6B05B0E52452D3E900C5A971 /* AppContainer.xib */; };
		6B279473245562CA00DFF05A /* MenuTableCell.swift in Sources */ = {isa = PBXBuildFile; fileRef = 6B279471245562CA00DFF05A /* MenuTableCell.swift */; };
		6B279474245562CA00DFF05A /* MenuTableCell.xib in Resources */ = {isa = PBXBuildFile; fileRef = 6B279472245562CA00DFF05A /* MenuTableCell.xib */; };
		6B2794772455640C00DFF05A /* HPEnums.swift in Sources */ = {isa = PBXBuildFile; fileRef = 6B2794762455640C00DFF05A /* HPEnums.swift */; };
		6B2794792455641800DFF05A /* HPDataSource.swift in Sources */ = {isa = PBXBuildFile; fileRef = 6B2794782455641800DFF05A /* HPDataSource.swift */; };
		6B879A792452D50900F8880A /* SessionManager.swift in Sources */ = {isa = PBXBuildFile; fileRef = 6B879A782452D50900F8880A /* SessionManager.swift */; };
		6BC550A12453E64400C0B1A8 /* DrawerWrapper.swift in Sources */ = {isa = PBXBuildFile; fileRef = 6BC550A02453E64400C0B1A8 /* DrawerWrapper.swift */; };
		6BC550A32454074800C0B1A8 /* AppTheme.swift in Sources */ = {isa = PBXBuildFile; fileRef = 6BC550A22454074800C0B1A8 /* AppTheme.swift */; };
		FF8ACE38244D723D00B283D8 /* AppDelegate.swift in Sources */ = {isa = PBXBuildFile; fileRef = FF8ACE37244D723D00B283D8 /* AppDelegate.swift */; };
		FF8ACE3F244D723D00B283D8 /* Main.storyboard in Resources */ = {isa = PBXBuildFile; fileRef = FF8ACE3D244D723D00B283D8 /* Main.storyboard */; };
		FF8ACE41244D723F00B283D8 /* Assets.xcassets in Resources */ = {isa = PBXBuildFile; fileRef = FF8ACE40244D723F00B283D8 /* Assets.xcassets */; };
		FF8ACE44244D723F00B283D8 /* LaunchScreen.storyboard in Resources */ = {isa = PBXBuildFile; fileRef = FF8ACE42244D723F00B283D8 /* LaunchScreen.storyboard */; };
		FF8ACE6E244D953000B283D8 /* LoginViewCell.swift in Sources */ = {isa = PBXBuildFile; fileRef = FF8ACE6D244D953000B283D8 /* LoginViewCell.swift */; };
		FF8ACE70244DAF7C00B283D8 /* ButtonTableViewCell.swift in Sources */ = {isa = PBXBuildFile; fileRef = FF8ACE6F244DAF7C00B283D8 /* ButtonTableViewCell.swift */; };
		FF8ACE73244EDA7A00B283D8 /* NavBar.swift in Sources */ = {isa = PBXBuildFile; fileRef = FF8ACE72244EDA7A00B283D8 /* NavBar.swift */; };
		FF8ACE75244EDA8B00B283D8 /* NavBar.xib in Resources */ = {isa = PBXBuildFile; fileRef = FF8ACE74244EDA8B00B283D8 /* NavBar.xib */; };
		FF8ACE77244F230A00B283D8 /* BaseViewController.swift in Sources */ = {isa = PBXBuildFile; fileRef = FF8ACE76244F230A00B283D8 /* BaseViewController.swift */; };
		FF8ACE79244F234C00B283D8 /* RegisterViewController.swift in Sources */ = {isa = PBXBuildFile; fileRef = FF8ACE78244F234C00B283D8 /* RegisterViewController.swift */; };
		FF8ACE7B244F287A00B283D8 /* PrivacyViewController.swift in Sources */ = {isa = PBXBuildFile; fileRef = FF8ACE7A244F287A00B283D8 /* PrivacyViewController.swift */; };
/* End PBXBuildFile section */

/* Begin PBXFileReference section */
		365C64B1CFAD98E0528B8FEF /* Pods-HealthProfiler.debug.xcconfig */ = {isa = PBXFileReference; includeInIndex = 1; lastKnownFileType = text.xcconfig; name = "Pods-HealthProfiler.debug.xcconfig"; path = "Target Support Files/Pods-HealthProfiler/Pods-HealthProfiler.debug.xcconfig"; sourceTree = "<group>"; };
		6B05B0952452BD1500C5A971 /* UIColor+Extension.swift */ = {isa = PBXFileReference; lastKnownFileType = sourcecode.swift; path = "UIColor+Extension.swift"; sourceTree = "<group>"; };
		6B05B0972452BDFF00C5A971 /* UIFont+Extension.swift */ = {isa = PBXFileReference; lastKnownFileType = sourcecode.swift; path = "UIFont+Extension.swift"; sourceTree = "<group>"; };
		6B05B0992452C0B000C5A971 /* UIImage+Extensions.swift */ = {isa = PBXFileReference; lastKnownFileType = sourcecode.swift; path = "UIImage+Extensions.swift"; sourceTree = "<group>"; };
		6B05B09B2452C17F00C5A971 /* HPTableViewCell.swift */ = {isa = PBXFileReference; lastKnownFileType = sourcecode.swift; path = HPTableViewCell.swift; sourceTree = "<group>"; };
		6B05B0A22452C54300C5A971 /* UIViewController+Extension.swift */ = {isa = PBXFileReference; lastKnownFileType = sourcecode.swift; path = "UIViewController+Extension.swift"; sourceTree = "<group>"; };
		6B05B0A82452C60B00C5A971 /* HealthProfiler.swift */ = {isa = PBXFileReference; lastKnownFileType = sourcecode.swift; path = HealthProfiler.swift; sourceTree = "<group>"; };
		6B05B0B22452C6B200C5A971 /* AppUtility.swift */ = {isa = PBXFileReference; lastKnownFileType = sourcecode.swift; path = AppUtility.swift; sourceTree = "<group>"; };
		6B05B0BB2452C7D600C5A971 /* HPViewController.swift */ = {isa = PBXFileReference; lastKnownFileType = sourcecode.swift; path = HPViewController.swift; sourceTree = "<group>"; };
		6B05B0BD2452C7F300C5A971 /* LoginViewController.swift */ = {isa = PBXFileReference; lastKnownFileType = sourcecode.swift; path = LoginViewController.swift; sourceTree = "<group>"; };
		6B05B0BE2452C7F300C5A971 /* LoginViewController.xib */ = {isa = PBXFileReference; lastKnownFileType = file.xib; path = LoginViewController.xib; sourceTree = "<group>"; };
		6B05B0C32452C81900C5A971 /* RegistrationViewController.swift */ = {isa = PBXFileReference; lastKnownFileType = sourcecode.swift; path = RegistrationViewController.swift; sourceTree = "<group>"; };
		6B05B0C42452C81900C5A971 /* RegistrationViewController.xib */ = {isa = PBXFileReference; lastKnownFileType = file.xib; path = RegistrationViewController.xib; sourceTree = "<group>"; };
		6B05B0C72452C83300C5A971 /* HomeViewController.swift */ = {isa = PBXFileReference; lastKnownFileType = sourcecode.swift; path = HomeViewController.swift; sourceTree = "<group>"; };
		6B05B0C82452C83300C5A971 /* HomeViewController.xib */ = {isa = PBXFileReference; lastKnownFileType = file.xib; path = HomeViewController.xib; sourceTree = "<group>"; };
		6B05B0CB2452C84E00C5A971 /* HealthProfileViewController.swift */ = {isa = PBXFileReference; lastKnownFileType = sourcecode.swift; path = HealthProfileViewController.swift; sourceTree = "<group>"; };
		6B05B0CC2452C84E00C5A971 /* HealthProfileViewController.xib */ = {isa = PBXFileReference; lastKnownFileType = file.xib; path = HealthProfileViewController.xib; sourceTree = "<group>"; };
		6B05B0CF2452C86300C5A971 /* CoverageViewController.swift */ = {isa = PBXFileReference; lastKnownFileType = sourcecode.swift; path = CoverageViewController.swift; sourceTree = "<group>"; };
		6B05B0D02452C86300C5A971 /* CoverageViewController.xib */ = {isa = PBXFileReference; lastKnownFileType = file.xib; path = CoverageViewController.xib; sourceTree = "<group>"; };
		6B05B0D32452C87700C5A971 /* ManageConnectionsViewController.swift */ = {isa = PBXFileReference; lastKnownFileType = sourcecode.swift; path = ManageConnectionsViewController.swift; sourceTree = "<group>"; };
		6B05B0D42452C87700C5A971 /* ManageConnectionsViewController.xib */ = {isa = PBXFileReference; lastKnownFileType = file.xib; path = ManageConnectionsViewController.xib; sourceTree = "<group>"; };
		6B05B0D72452CEFE00C5A971 /* NSObject+Extension.swift */ = {isa = PBXFileReference; lastKnownFileType = sourcecode.swift; path = "NSObject+Extension.swift"; sourceTree = "<group>"; };
		6B05B0D92452D16F00C5A971 /* MenuViewController.swift */ = {isa = PBXFileReference; lastKnownFileType = sourcecode.swift; path = MenuViewController.swift; sourceTree = "<group>"; };
		6B05B0DA2452D16F00C5A971 /* MenuViewController.xib */ = {isa = PBXFileReference; lastKnownFileType = file.xib; path = MenuViewController.xib; sourceTree = "<group>"; };
		6B05B0DD2452D1AA00C5A971 /* HPTableView.swift */ = {isa = PBXFileReference; lastKnownFileType = sourcecode.swift; path = HPTableView.swift; sourceTree = "<group>"; };
		6B05B0E42452D3E900C5A971 /* AppContainer.swift */ = {isa = PBXFileReference; lastKnownFileType = sourcecode.swift; path = AppContainer.swift; sourceTree = "<group>"; };
		6B05B0E52452D3E900C5A971 /* AppContainer.xib */ = {isa = PBXFileReference; lastKnownFileType = file.xib; path = AppContainer.xib; sourceTree = "<group>"; };
		6B279471245562CA00DFF05A /* MenuTableCell.swift */ = {isa = PBXFileReference; lastKnownFileType = sourcecode.swift; path = MenuTableCell.swift; sourceTree = "<group>"; };
		6B279472245562CA00DFF05A /* MenuTableCell.xib */ = {isa = PBXFileReference; lastKnownFileType = file.xib; path = MenuTableCell.xib; sourceTree = "<group>"; };
		6B2794762455640C00DFF05A /* HPEnums.swift */ = {isa = PBXFileReference; lastKnownFileType = sourcecode.swift; path = HPEnums.swift; sourceTree = "<group>"; };
		6B2794782455641800DFF05A /* HPDataSource.swift */ = {isa = PBXFileReference; lastKnownFileType = sourcecode.swift; path = HPDataSource.swift; sourceTree = "<group>"; };
		6B879A782452D50900F8880A /* SessionManager.swift */ = {isa = PBXFileReference; lastKnownFileType = sourcecode.swift; path = SessionManager.swift; sourceTree = "<group>"; };
		6BC550A02453E64400C0B1A8 /* DrawerWrapper.swift */ = {isa = PBXFileReference; lastKnownFileType = sourcecode.swift; path = DrawerWrapper.swift; sourceTree = "<group>"; };
		6BC550A22454074800C0B1A8 /* AppTheme.swift */ = {isa = PBXFileReference; lastKnownFileType = sourcecode.swift; path = AppTheme.swift; sourceTree = "<group>"; };
		84A4FA200D4B15B9CC8E283D /* Pods-HealthProfiler.release.xcconfig */ = {isa = PBXFileReference; includeInIndex = 1; lastKnownFileType = text.xcconfig; name = "Pods-HealthProfiler.release.xcconfig"; path = "Target Support Files/Pods-HealthProfiler/Pods-HealthProfiler.release.xcconfig"; sourceTree = "<group>"; };
		C28ADF2A197AF72F9533BF99 /* Pods_HealthProfiler.framework */ = {isa = PBXFileReference; explicitFileType = wrapper.framework; includeInIndex = 0; path = Pods_HealthProfiler.framework; sourceTree = BUILT_PRODUCTS_DIR; };
		FF8ACE34244D723D00B283D8 /* HealthProfiler.app */ = {isa = PBXFileReference; explicitFileType = wrapper.application; includeInIndex = 0; path = HealthProfiler.app; sourceTree = BUILT_PRODUCTS_DIR; };
		FF8ACE37244D723D00B283D8 /* AppDelegate.swift */ = {isa = PBXFileReference; lastKnownFileType = sourcecode.swift; path = AppDelegate.swift; sourceTree = "<group>"; };
		FF8ACE3E244D723D00B283D8 /* Base */ = {isa = PBXFileReference; lastKnownFileType = file.storyboard; name = Base; path = Base.lproj/Main.storyboard; sourceTree = "<group>"; };
		FF8ACE40244D723F00B283D8 /* Assets.xcassets */ = {isa = PBXFileReference; lastKnownFileType = folder.assetcatalog; path = Assets.xcassets; sourceTree = "<group>"; };
		FF8ACE43244D723F00B283D8 /* Base */ = {isa = PBXFileReference; lastKnownFileType = file.storyboard; name = Base; path = Base.lproj/LaunchScreen.storyboard; sourceTree = "<group>"; };
		FF8ACE45244D723F00B283D8 /* Info.plist */ = {isa = PBXFileReference; lastKnownFileType = text.plist.xml; path = Info.plist; sourceTree = "<group>"; };
		FF8ACE6D244D953000B283D8 /* LoginViewCell.swift */ = {isa = PBXFileReference; lastKnownFileType = sourcecode.swift; path = LoginViewCell.swift; sourceTree = "<group>"; };
		FF8ACE6F244DAF7C00B283D8 /* ButtonTableViewCell.swift */ = {isa = PBXFileReference; lastKnownFileType = sourcecode.swift; path = ButtonTableViewCell.swift; sourceTree = "<group>"; };
		FF8ACE72244EDA7A00B283D8 /* NavBar.swift */ = {isa = PBXFileReference; lastKnownFileType = sourcecode.swift; path = NavBar.swift; sourceTree = "<group>"; };
		FF8ACE74244EDA8B00B283D8 /* NavBar.xib */ = {isa = PBXFileReference; lastKnownFileType = file.xib; path = NavBar.xib; sourceTree = "<group>"; };
		FF8ACE76244F230A00B283D8 /* BaseViewController.swift */ = {isa = PBXFileReference; lastKnownFileType = sourcecode.swift; path = BaseViewController.swift; sourceTree = "<group>"; };
		FF8ACE78244F234C00B283D8 /* RegisterViewController.swift */ = {isa = PBXFileReference; lastKnownFileType = sourcecode.swift; path = RegisterViewController.swift; sourceTree = "<group>"; };
		FF8ACE7A244F287A00B283D8 /* PrivacyViewController.swift */ = {isa = PBXFileReference; lastKnownFileType = sourcecode.swift; path = PrivacyViewController.swift; sourceTree = "<group>"; };
/* End PBXFileReference section */

/* Begin PBXFrameworksBuildPhase section */
		FF8ACE31244D723D00B283D8 /* Frameworks */ = {
			isa = PBXFrameworksBuildPhase;
			buildActionMask = 2147483647;
			files = (
				5B3BAECD7195A2AC69E7CD5F /* Pods_HealthProfiler.framework in Frameworks */,
			);
			runOnlyForDeploymentPostprocessing = 0;
		};
/* End PBXFrameworksBuildPhase section */

/* Begin PBXGroup section */
		639683C6A6B38705DA271C74 /* Frameworks */ = {
			isa = PBXGroup;
			children = (
				C28ADF2A197AF72F9533BF99 /* Pods_HealthProfiler.framework */,
			);
			name = Frameworks;
			sourceTree = "<group>";
		};
		68640E3DA9C03448FE8B1EE4 /* Pods */ = {
			isa = PBXGroup;
			children = (
				365C64B1CFAD98E0528B8FEF /* Pods-HealthProfiler.debug.xcconfig */,
				84A4FA200D4B15B9CC8E283D /* Pods-HealthProfiler.release.xcconfig */,
			);
			path = Pods;
			sourceTree = "<group>";
		};
		6B05B08B2452B7C000C5A971 /* Resources */ = {
			isa = PBXGroup;
			children = (
				FF8ACE3D244D723D00B283D8 /* Main.storyboard */,
				FF8ACE40244D723F00B283D8 /* Assets.xcassets */,
				FF8ACE42244D723F00B283D8 /* LaunchScreen.storyboard */,
				FF8ACE45244D723F00B283D8 /* Info.plist */,
			);
			path = Resources;
			sourceTree = "<group>";
		};
		6B05B08C2452BBB900C5A971 /* AppCore */ = {
			isa = PBXGroup;
			children = (
				6B05B0A82452C60B00C5A971 /* HealthProfiler.swift */,
				6B05B08D2452BBB900C5A971 /* WebServiceClient */,
			);
			path = AppCore;
			sourceTree = "<group>";
		};
		6B05B08D2452BBB900C5A971 /* WebServiceClient */ = {
			isa = PBXGroup;
			children = (
				6B879A782452D50900F8880A /* SessionManager.swift */,
			);
			path = WebServiceClient;
			sourceTree = "<group>";
		};
		6B05B08E2452BBB900C5A971 /* Utilities */ = {
			isa = PBXGroup;
			children = (
				6B279475245563FA00DFF05A /* AuxiliaryClasses */,
				6B05B09D2452C4D900C5A971 /* Controllers */,
				6B05B08F2452BBB900C5A971 /* Extension */,
				6B05B0902452BBB900C5A971 /* SubClass */,
				6B05B0912452BBB900C5A971 /* Common */,
				6B05B0922452BBB900C5A971 /* ThirdParty */,
			);
			path = Utilities;
			sourceTree = "<group>";
		};
		6B05B08F2452BBB900C5A971 /* Extension */ = {
			isa = PBXGroup;
			children = (
				6B05B0952452BD1500C5A971 /* UIColor+Extension.swift */,
				6B05B0972452BDFF00C5A971 /* UIFont+Extension.swift */,
				6B05B0992452C0B000C5A971 /* UIImage+Extensions.swift */,
				6B05B0A22452C54300C5A971 /* UIViewController+Extension.swift */,
				6B05B0D72452CEFE00C5A971 /* NSObject+Extension.swift */,
			);
			path = Extension;
			sourceTree = "<group>";
		};
		6B05B0902452BBB900C5A971 /* SubClass */ = {
			isa = PBXGroup;
			children = (
				6B05B09B2452C17F00C5A971 /* HPTableViewCell.swift */,
				6B05B0BB2452C7D600C5A971 /* HPViewController.swift */,
				6B05B0DD2452D1AA00C5A971 /* HPTableView.swift */,
			);
			path = SubClass;
			sourceTree = "<group>";
		};
		6B05B0912452BBB900C5A971 /* Common */ = {
			isa = PBXGroup;
			children = (
				6B05B0B22452C6B200C5A971 /* AppUtility.swift */,
				6BC550A22454074800C0B1A8 /* AppTheme.swift */,
			);
			path = Common;
			sourceTree = "<group>";
		};
		6B05B0922452BBB900C5A971 /* ThirdParty */ = {
			isa = PBXGroup;
			children = (
			);
			path = ThirdParty;
			sourceTree = "<group>";
		};
		6B05B09D2452C4D900C5A971 /* Controllers */ = {
			isa = PBXGroup;
			children = (
				6B05B0DF2452D3C700C5A971 /* AppContainer */,
				6BC550A02453E64400C0B1A8 /* DrawerWrapper.swift */,
			);
			path = Controllers;
			sourceTree = "<group>";
		};
		6B05B0B42452C76B00C5A971 /* Menu */ = {
			isa = PBXGroup;
			children = (
				6B2794702455629200DFF05A /* TableCell */,
				6B05B0D92452D16F00C5A971 /* MenuViewController.swift */,
				6B05B0DA2452D16F00C5A971 /* MenuViewController.xib */,
			);
			path = Menu;
			sourceTree = "<group>";
		};
		6B05B0B52452C76B00C5A971 /* Dashoboard */ = {
			isa = PBXGroup;
			children = (
				6B05B0B62452C76B00C5A971 /* Home */,
				6B05B0B92452C76B00C5A971 /* HealthProfile */,
				6B05B0B82452C76B00C5A971 /* Coverage */,
				6B05B0B72452C76B00C5A971 /* ManageConnections */,
			);
			path = Dashoboard;
			sourceTree = "<group>";
		};
		6B05B0B62452C76B00C5A971 /* Home */ = {
			isa = PBXGroup;
			children = (
				6B05B0C72452C83300C5A971 /* HomeViewController.swift */,
				6B05B0C82452C83300C5A971 /* HomeViewController.xib */,
			);
			path = Home;
			sourceTree = "<group>";
		};
		6B05B0B72452C76B00C5A971 /* ManageConnections */ = {
			isa = PBXGroup;
			children = (
				6B05B0D32452C87700C5A971 /* ManageConnectionsViewController.swift */,
				6B05B0D42452C87700C5A971 /* ManageConnectionsViewController.xib */,
			);
			path = ManageConnections;
			sourceTree = "<group>";
		};
		6B05B0B82452C76B00C5A971 /* Coverage */ = {
			isa = PBXGroup;
			children = (
				6B05B0CF2452C86300C5A971 /* CoverageViewController.swift */,
				6B05B0D02452C86300C5A971 /* CoverageViewController.xib */,
			);
			path = Coverage;
			sourceTree = "<group>";
		};
		6B05B0B92452C76B00C5A971 /* HealthProfile */ = {
			isa = PBXGroup;
			children = (
				6B05B0CB2452C84E00C5A971 /* HealthProfileViewController.swift */,
				6B05B0CC2452C84E00C5A971 /* HealthProfileViewController.xib */,
			);
			path = HealthProfile;
			sourceTree = "<group>";
		};
		6B05B0BA2452C76B00C5A971 /* LoginFlow */ = {
			isa = PBXGroup;
			children = (
				6B05B0BD2452C7F300C5A971 /* LoginViewController.swift */,
				6B05B0BE2452C7F300C5A971 /* LoginViewController.xib */,
				6B05B0C32452C81900C5A971 /* RegistrationViewController.swift */,
				6B05B0C42452C81900C5A971 /* RegistrationViewController.xib */,
			);
			path = LoginFlow;
			sourceTree = "<group>";
		};
		6B05B0DF2452D3C700C5A971 /* AppContainer */ = {
			isa = PBXGroup;
			children = (
				6B05B0E42452D3E900C5A971 /* AppContainer.swift */,
				6B05B0E52452D3E900C5A971 /* AppContainer.xib */,
			);
			path = AppContainer;
			sourceTree = "<group>";
		};
		6B2794702455629200DFF05A /* TableCell */ = {
			isa = PBXGroup;
			children = (
				6B279471245562CA00DFF05A /* MenuTableCell.swift */,
				6B279472245562CA00DFF05A /* MenuTableCell.xib */,
			);
			path = TableCell;
			sourceTree = "<group>";
		};
		6B279475245563FA00DFF05A /* AuxiliaryClasses */ = {
			isa = PBXGroup;
			children = (
				6B2794762455640C00DFF05A /* HPEnums.swift */,
				6B2794782455641800DFF05A /* HPDataSource.swift */,
			);
			path = AuxiliaryClasses;
			sourceTree = "<group>";
		};
		FF8ACE2B244D723D00B283D8 = {
			isa = PBXGroup;
			children = (
				FF8ACE36244D723D00B283D8 /* HealthProfiler */,
				FF8ACE35244D723D00B283D8 /* Products */,
				68640E3DA9C03448FE8B1EE4 /* Pods */,
				639683C6A6B38705DA271C74 /* Frameworks */,
			);
			sourceTree = "<group>";
		};
		FF8ACE35244D723D00B283D8 /* Products */ = {
			isa = PBXGroup;
			children = (
				FF8ACE34244D723D00B283D8 /* HealthProfiler.app */,
			);
			name = Products;
			sourceTree = "<group>";
		};
		FF8ACE36244D723D00B283D8 /* HealthProfiler */ = {
			isa = PBXGroup;
			children = (
				FF8ACE37244D723D00B283D8 /* AppDelegate.swift */,
				FF8ACE67244D743700B283D8 /* ViewControllers */,
				6B05B08C2452BBB900C5A971 /* AppCore */,
				6B05B08E2452BBB900C5A971 /* Utilities */,
				6B05B08B2452B7C000C5A971 /* Resources */,
			);
			path = HealthProfiler;
			sourceTree = "<group>";
		};
		FF8ACE67244D743700B283D8 /* ViewControllers */ = {
			isa = PBXGroup;
			children = (
				6B05B0BA2452C76B00C5A971 /* LoginFlow */,
				6B05B0B52452C76B00C5A971 /* Dashoboard */,
				6B05B0B42452C76B00C5A971 /* Menu */,
				FF8ACE71244EDA4F00B283D8 /* CommonControllers */,
				FF8ACE6A244D948E00B283D8 /* LoginAndRegistration */,
			);
			path = ViewControllers;
			sourceTree = "<group>";
		};
		FF8ACE6A244D948E00B283D8 /* LoginAndRegistration */ = {
			isa = PBXGroup;
			children = (
				FF8ACE6D244D953000B283D8 /* LoginViewCell.swift */,
				FF8ACE6F244DAF7C00B283D8 /* ButtonTableViewCell.swift */,
				FF8ACE78244F234C00B283D8 /* RegisterViewController.swift */,
				FF8ACE7A244F287A00B283D8 /* PrivacyViewController.swift */,
			);
			path = LoginAndRegistration;
			sourceTree = "<group>";
		};
		FF8ACE71244EDA4F00B283D8 /* CommonControllers */ = {
			isa = PBXGroup;
			children = (
				FF8ACE72244EDA7A00B283D8 /* NavBar.swift */,
				FF8ACE74244EDA8B00B283D8 /* NavBar.xib */,
				FF8ACE76244F230A00B283D8 /* BaseViewController.swift */,
			);
			path = CommonControllers;
			sourceTree = "<group>";
		};
/* End PBXGroup section */

/* Begin PBXNativeTarget section */
		FF8ACE33244D723D00B283D8 /* HealthProfiler */ = {
			isa = PBXNativeTarget;
			buildConfigurationList = FF8ACE5E244D723F00B283D8 /* Build configuration list for PBXNativeTarget "HealthProfiler" */;
			buildPhases = (
				F04EB31724B8D9F8EFD27BD4 /* [CP] Check Pods Manifest.lock */,
				FF8ACE30244D723D00B283D8 /* Sources */,
				FF8ACE31244D723D00B283D8 /* Frameworks */,
				FF8ACE32244D723D00B283D8 /* Resources */,
				0608C4DCA4C2905178D85626 /* [CP] Embed Pods Frameworks */,
			);
			buildRules = (
			);
			dependencies = (
			);
			name = HealthProfiler;
			productName = HealthProfiler;
			productReference = FF8ACE34244D723D00B283D8 /* HealthProfiler.app */;
			productType = "com.apple.product-type.application";
		};
/* End PBXNativeTarget section */

/* Begin PBXProject section */
		FF8ACE2C244D723D00B283D8 /* Project object */ = {
			isa = PBXProject;
			attributes = {
				LastSwiftUpdateCheck = 1130;
				LastUpgradeCheck = 1130;
				ORGANIZATIONNAME = "Pandey, Pooja";
				TargetAttributes = {
					FF8ACE33244D723D00B283D8 = {
						CreatedOnToolsVersion = 11.3.1;
					};
				};
			};
			buildConfigurationList = FF8ACE2F244D723D00B283D8 /* Build configuration list for PBXProject "HealthProfiler" */;
			compatibilityVersion = "Xcode 9.3";
			developmentRegion = en;
			hasScannedForEncodings = 0;
			knownRegions = (
				en,
				Base,
			);
			mainGroup = FF8ACE2B244D723D00B283D8;
			productRefGroup = FF8ACE35244D723D00B283D8 /* Products */;
			projectDirPath = "";
			projectRoot = "";
			targets = (
				FF8ACE33244D723D00B283D8 /* HealthProfiler */,
			);
		};
/* End PBXProject section */

/* Begin PBXResourcesBuildPhase section */
		FF8ACE32244D723D00B283D8 /* Resources */ = {
			isa = PBXResourcesBuildPhase;
			buildActionMask = 2147483647;
			files = (
				6B05B0D22452C86300C5A971 /* CoverageViewController.xib in Resources */,
				6B05B0D62452C87700C5A971 /* ManageConnectionsViewController.xib in Resources */,
				FF8ACE44244D723F00B283D8 /* LaunchScreen.storyboard in Resources */,
				6B05B0C02452C7F300C5A971 /* LoginViewController.xib in Resources */,
				FF8ACE75244EDA8B00B283D8 /* NavBar.xib in Resources */,
				6B05B0CE2452C84E00C5A971 /* HealthProfileViewController.xib in Resources */,
				6B05B0DC2452D16F00C5A971 /* MenuViewController.xib in Resources */,
				FF8ACE41244D723F00B283D8 /* Assets.xcassets in Resources */,
				6B05B0C62452C81900C5A971 /* RegistrationViewController.xib in Resources */,
				6B05B0E72452D3E900C5A971 /* AppContainer.xib in Resources */,
				FF8ACE3F244D723D00B283D8 /* Main.storyboard in Resources */,
				6B279474245562CA00DFF05A /* MenuTableCell.xib in Resources */,
				6B05B0CA2452C83300C5A971 /* HomeViewController.xib in Resources */,
			);
			runOnlyForDeploymentPostprocessing = 0;
		};
/* End PBXResourcesBuildPhase section */

/* Begin PBXShellScriptBuildPhase section */
		0608C4DCA4C2905178D85626 /* [CP] Embed Pods Frameworks */ = {
			isa = PBXShellScriptBuildPhase;
			buildActionMask = 2147483647;
			files = (
			);
			inputFileListPaths = (
				"${PODS_ROOT}/Target Support Files/Pods-HealthProfiler/Pods-HealthProfiler-frameworks-${CONFIGURATION}-input-files.xcfilelist",
			);
			name = "[CP] Embed Pods Frameworks";
			outputFileListPaths = (
				"${PODS_ROOT}/Target Support Files/Pods-HealthProfiler/Pods-HealthProfiler-frameworks-${CONFIGURATION}-output-files.xcfilelist",
			);
			runOnlyForDeploymentPostprocessing = 0;
			shellPath = /bin/sh;
			shellScript = "\"${PODS_ROOT}/Target Support Files/Pods-HealthProfiler/Pods-HealthProfiler-frameworks.sh\"\n";
			showEnvVarsInLog = 0;
		};
		F04EB31724B8D9F8EFD27BD4 /* [CP] Check Pods Manifest.lock */ = {
			isa = PBXShellScriptBuildPhase;
			buildActionMask = 2147483647;
			files = (
			);
			inputFileListPaths = (
			);
			inputPaths = (
				"${PODS_PODFILE_DIR_PATH}/Podfile.lock",
				"${PODS_ROOT}/Manifest.lock",
			);
			name = "[CP] Check Pods Manifest.lock";
			outputFileListPaths = (
			);
			outputPaths = (
				"$(DERIVED_FILE_DIR)/Pods-HealthProfiler-checkManifestLockResult.txt",
			);
			runOnlyForDeploymentPostprocessing = 0;
			shellPath = /bin/sh;
			shellScript = "diff \"${PODS_PODFILE_DIR_PATH}/Podfile.lock\" \"${PODS_ROOT}/Manifest.lock\" > /dev/null\nif [ $? != 0 ] ; then\n    # print error to STDERR\n    echo \"error: The sandbox is not in sync with the Podfile.lock. Run 'pod install' or update your CocoaPods installation.\" >&2\n    exit 1\nfi\n# This output is used by Xcode 'outputs' to avoid re-running this script phase.\necho \"SUCCESS\" > \"${SCRIPT_OUTPUT_FILE_0}\"\n";
			showEnvVarsInLog = 0;
		};
/* End PBXShellScriptBuildPhase section */

/* Begin PBXSourcesBuildPhase section */
		FF8ACE30244D723D00B283D8 /* Sources */ = {
			isa = PBXSourcesBuildPhase;
			buildActionMask = 2147483647;
			files = (
				6B05B0DB2452D16F00C5A971 /* MenuViewController.swift in Sources */,
				6B2794792455641800DFF05A /* HPDataSource.swift in Sources */,
				6B05B0C52452C81900C5A971 /* RegistrationViewController.swift in Sources */,
				FF8ACE38244D723D00B283D8 /* AppDelegate.swift in Sources */,
				6B05B0D52452C87700C5A971 /* ManageConnectionsViewController.swift in Sources */,
				FF8ACE70244DAF7C00B283D8 /* ButtonTableViewCell.swift in Sources */,
				6B05B0E62452D3E900C5A971 /* AppContainer.swift in Sources */,
				6B05B0A32452C54300C5A971 /* UIViewController+Extension.swift in Sources */,
				6B05B09A2452C0B000C5A971 /* UIImage+Extensions.swift in Sources */,
				6B05B0DE2452D1AA00C5A971 /* HPTableView.swift in Sources */,
				6B05B0D82452CEFE00C5A971 /* NSObject+Extension.swift in Sources */,
				6B05B0C92452C83300C5A971 /* HomeViewController.swift in Sources */,
				6B05B0BF2452C7F300C5A971 /* LoginViewController.swift in Sources */,
				6B879A792452D50900F8880A /* SessionManager.swift in Sources */,
				FF8ACE79244F234C00B283D8 /* RegisterViewController.swift in Sources */,
				6B2794772455640C00DFF05A /* HPEnums.swift in Sources */,
				6B05B0D12452C86300C5A971 /* CoverageViewController.swift in Sources */,
				6B05B0BC2452C7D600C5A971 /* HPViewController.swift in Sources */,
				6B05B0CD2452C84E00C5A971 /* HealthProfileViewController.swift in Sources */,
				6B05B0A92452C60B00C5A971 /* HealthProfiler.swift in Sources */,
				6B05B09C2452C17F00C5A971 /* HPTableViewCell.swift in Sources */,
				6B05B0B32452C6B200C5A971 /* AppUtility.swift in Sources */,
				FF8ACE6E244D953000B283D8 /* LoginViewCell.swift in Sources */,
				6BC550A32454074800C0B1A8 /* AppTheme.swift in Sources */,
				FF8ACE7B244F287A00B283D8 /* PrivacyViewController.swift in Sources */,
				6BC550A12453E64400C0B1A8 /* DrawerWrapper.swift in Sources */,
				FF8ACE77244F230A00B283D8 /* BaseViewController.swift in Sources */,
				FF8ACE73244EDA7A00B283D8 /* NavBar.swift in Sources */,
				6B279473245562CA00DFF05A /* MenuTableCell.swift in Sources */,
				6B05B0962452BD1500C5A971 /* UIColor+Extension.swift in Sources */,
				6B05B0982452BDFF00C5A971 /* UIFont+Extension.swift in Sources */,
			);
			runOnlyForDeploymentPostprocessing = 0;
		};
/* End PBXSourcesBuildPhase section */

/* Begin PBXVariantGroup section */
		FF8ACE3D244D723D00B283D8 /* Main.storyboard */ = {
			isa = PBXVariantGroup;
			children = (
				FF8ACE3E244D723D00B283D8 /* Base */,
			);
			name = Main.storyboard;
			sourceTree = "<group>";
		};
		FF8ACE42244D723F00B283D8 /* LaunchScreen.storyboard */ = {
			isa = PBXVariantGroup;
			children = (
				FF8ACE43244D723F00B283D8 /* Base */,
			);
			name = LaunchScreen.storyboard;
			sourceTree = "<group>";
		};
/* End PBXVariantGroup section */

/* Begin XCBuildConfiguration section */
		FF8ACE5C244D723F00B283D8 /* Debug */ = {
			isa = XCBuildConfiguration;
			buildSettings = {
				ALWAYS_SEARCH_USER_PATHS = NO;
				CLANG_ANALYZER_NONNULL = YES;
				CLANG_ANALYZER_NUMBER_OBJECT_CONVERSION = YES_AGGRESSIVE;
				CLANG_CXX_LANGUAGE_STANDARD = "gnu++14";
				CLANG_CXX_LIBRARY = "libc++";
				CLANG_ENABLE_MODULES = YES;
				CLANG_ENABLE_OBJC_ARC = YES;
				CLANG_ENABLE_OBJC_WEAK = YES;
				CLANG_WARN_BLOCK_CAPTURE_AUTORELEASING = YES;
				CLANG_WARN_BOOL_CONVERSION = YES;
				CLANG_WARN_COMMA = YES;
				CLANG_WARN_CONSTANT_CONVERSION = YES;
				CLANG_WARN_DEPRECATED_OBJC_IMPLEMENTATIONS = YES;
				CLANG_WARN_DIRECT_OBJC_ISA_USAGE = YES_ERROR;
				CLANG_WARN_DOCUMENTATION_COMMENTS = YES;
				CLANG_WARN_EMPTY_BODY = YES;
				CLANG_WARN_ENUM_CONVERSION = YES;
				CLANG_WARN_INFINITE_RECURSION = YES;
				CLANG_WARN_INT_CONVERSION = YES;
				CLANG_WARN_NON_LITERAL_NULL_CONVERSION = YES;
				CLANG_WARN_OBJC_IMPLICIT_RETAIN_SELF = YES;
				CLANG_WARN_OBJC_LITERAL_CONVERSION = YES;
				CLANG_WARN_OBJC_ROOT_CLASS = YES_ERROR;
				CLANG_WARN_RANGE_LOOP_ANALYSIS = YES;
				CLANG_WARN_STRICT_PROTOTYPES = YES;
				CLANG_WARN_SUSPICIOUS_MOVE = YES;
				CLANG_WARN_UNGUARDED_AVAILABILITY = YES_AGGRESSIVE;
				CLANG_WARN_UNREACHABLE_CODE = YES;
				CLANG_WARN__DUPLICATE_METHOD_MATCH = YES;
				COPY_PHASE_STRIP = NO;
				DEBUG_INFORMATION_FORMAT = dwarf;
				ENABLE_STRICT_OBJC_MSGSEND = YES;
				ENABLE_TESTABILITY = YES;
				GCC_C_LANGUAGE_STANDARD = gnu11;
				GCC_DYNAMIC_NO_PIC = NO;
				GCC_NO_COMMON_BLOCKS = YES;
				GCC_OPTIMIZATION_LEVEL = 0;
				GCC_PREPROCESSOR_DEFINITIONS = (
					"DEBUG=1",
					"$(inherited)",
				);
				GCC_WARN_64_TO_32_BIT_CONVERSION = YES;
				GCC_WARN_ABOUT_RETURN_TYPE = YES_ERROR;
				GCC_WARN_UNDECLARED_SELECTOR = YES;
				GCC_WARN_UNINITIALIZED_AUTOS = YES_AGGRESSIVE;
				GCC_WARN_UNUSED_FUNCTION = YES;
				GCC_WARN_UNUSED_VARIABLE = YES;
				IPHONEOS_DEPLOYMENT_TARGET = 12.0;
				MTL_ENABLE_DEBUG_INFO = INCLUDE_SOURCE;
				MTL_FAST_MATH = YES;
				ONLY_ACTIVE_ARCH = YES;
				SDKROOT = iphoneos;
				SWIFT_ACTIVE_COMPILATION_CONDITIONS = DEBUG;
				SWIFT_OPTIMIZATION_LEVEL = "-Onone";
			};
			name = Debug;
		};
		FF8ACE5D244D723F00B283D8 /* Release */ = {
			isa = XCBuildConfiguration;
			buildSettings = {
				ALWAYS_SEARCH_USER_PATHS = NO;
				CLANG_ANALYZER_NONNULL = YES;
				CLANG_ANALYZER_NUMBER_OBJECT_CONVERSION = YES_AGGRESSIVE;
				CLANG_CXX_LANGUAGE_STANDARD = "gnu++14";
				CLANG_CXX_LIBRARY = "libc++";
				CLANG_ENABLE_MODULES = YES;
				CLANG_ENABLE_OBJC_ARC = YES;
				CLANG_ENABLE_OBJC_WEAK = YES;
				CLANG_WARN_BLOCK_CAPTURE_AUTORELEASING = YES;
				CLANG_WARN_BOOL_CONVERSION = YES;
				CLANG_WARN_COMMA = YES;
				CLANG_WARN_CONSTANT_CONVERSION = YES;
				CLANG_WARN_DEPRECATED_OBJC_IMPLEMENTATIONS = YES;
				CLANG_WARN_DIRECT_OBJC_ISA_USAGE = YES_ERROR;
				CLANG_WARN_DOCUMENTATION_COMMENTS = YES;
				CLANG_WARN_EMPTY_BODY = YES;
				CLANG_WARN_ENUM_CONVERSION = YES;
				CLANG_WARN_INFINITE_RECURSION = YES;
				CLANG_WARN_INT_CONVERSION = YES;
				CLANG_WARN_NON_LITERAL_NULL_CONVERSION = YES;
				CLANG_WARN_OBJC_IMPLICIT_RETAIN_SELF = YES;
				CLANG_WARN_OBJC_LITERAL_CONVERSION = YES;
				CLANG_WARN_OBJC_ROOT_CLASS = YES_ERROR;
				CLANG_WARN_RANGE_LOOP_ANALYSIS = YES;
				CLANG_WARN_STRICT_PROTOTYPES = YES;
				CLANG_WARN_SUSPICIOUS_MOVE = YES;
				CLANG_WARN_UNGUARDED_AVAILABILITY = YES_AGGRESSIVE;
				CLANG_WARN_UNREACHABLE_CODE = YES;
				CLANG_WARN__DUPLICATE_METHOD_MATCH = YES;
				COPY_PHASE_STRIP = NO;
				DEBUG_INFORMATION_FORMAT = "dwarf-with-dsym";
				ENABLE_NS_ASSERTIONS = NO;
				ENABLE_STRICT_OBJC_MSGSEND = YES;
				GCC_C_LANGUAGE_STANDARD = gnu11;
				GCC_NO_COMMON_BLOCKS = YES;
				GCC_WARN_64_TO_32_BIT_CONVERSION = YES;
				GCC_WARN_ABOUT_RETURN_TYPE = YES_ERROR;
				GCC_WARN_UNDECLARED_SELECTOR = YES;
				GCC_WARN_UNINITIALIZED_AUTOS = YES_AGGRESSIVE;
				GCC_WARN_UNUSED_FUNCTION = YES;
				GCC_WARN_UNUSED_VARIABLE = YES;
				IPHONEOS_DEPLOYMENT_TARGET = 12.0;
				MTL_ENABLE_DEBUG_INFO = NO;
				MTL_FAST_MATH = YES;
				SDKROOT = iphoneos;
				SWIFT_COMPILATION_MODE = wholemodule;
				SWIFT_OPTIMIZATION_LEVEL = "-O";
				VALIDATE_PRODUCT = YES;
			};
			name = Release;
		};
		FF8ACE5F244D723F00B283D8 /* Debug */ = {
			isa = XCBuildConfiguration;
			baseConfigurationReference = 365C64B1CFAD98E0528B8FEF /* Pods-HealthProfiler.debug.xcconfig */;
			buildSettings = {
				ASSETCATALOG_COMPILER_APPICON_NAME = AppIcon;
				CODE_SIGN_STYLE = Automatic;
				INFOPLIST_FILE = HealthProfiler/Resources/Info.plist;
				LD_RUNPATH_SEARCH_PATHS = (
					"$(inherited)",
					"@executable_path/Frameworks",
				);
				PRODUCT_BUNDLE_IDENTIFIER = com.optum.com.HealthProfiler;
				PRODUCT_NAME = "$(TARGET_NAME)";
				SWIFT_VERSION = 5.0;
				TARGETED_DEVICE_FAMILY = 1;
			};
			name = Debug;
		};
		FF8ACE60244D723F00B283D8 /* Release */ = {
			isa = XCBuildConfiguration;
			baseConfigurationReference = 84A4FA200D4B15B9CC8E283D /* Pods-HealthProfiler.release.xcconfig */;
			buildSettings = {
				ASSETCATALOG_COMPILER_APPICON_NAME = AppIcon;
				CODE_SIGN_STYLE = Automatic;
				INFOPLIST_FILE = HealthProfiler/Resources/Info.plist;
				LD_RUNPATH_SEARCH_PATHS = (
					"$(inherited)",
					"@executable_path/Frameworks",
				);
				PRODUCT_BUNDLE_IDENTIFIER = com.optum.com.HealthProfiler;
				PRODUCT_NAME = "$(TARGET_NAME)";
				SWIFT_VERSION = 5.0;
				TARGETED_DEVICE_FAMILY = 1;
			};
			name = Release;
		};
/* End XCBuildConfiguration section */

/* Begin XCConfigurationList section */
		FF8ACE2F244D723D00B283D8 /* Build configuration list for PBXProject "HealthProfiler" */ = {
			isa = XCConfigurationList;
			buildConfigurations = (
				FF8ACE5C244D723F00B283D8 /* Debug */,
				FF8ACE5D244D723F00B283D8 /* Release */,
			);
			defaultConfigurationIsVisible = 0;
			defaultConfigurationName = Release;
		};
		FF8ACE5E244D723F00B283D8 /* Build configuration list for PBXNativeTarget "HealthProfiler" */ = {
			isa = XCConfigurationList;
			buildConfigurations = (
				FF8ACE5F244D723F00B283D8 /* Debug */,
				FF8ACE60244D723F00B283D8 /* Release */,
			);
			defaultConfigurationIsVisible = 0;
			defaultConfigurationName = Release;
		};
/* End XCConfigurationList section */
	};
	rootObject = FF8ACE2C244D723D00B283D8 /* Project object */;
}
